// !$*UTF8*$!
{
	archiveVersion = 1;
	classes = {
	};
	objectVersion = 48;
	objects = {

/* Begin PBXBuildFile section */
		29FB205E77D56D67CE5CC8D9 /* Pods_Snapchat.framework in Frameworks */ = {isa = PBXBuildFile; fileRef = F32DA9AB79BB13B2AA7C22BF /* Pods_Snapchat.framework */; };
		7E177BE82064444800BB4BF6 /* SnapsViewController.swift in Sources */ = {isa = PBXBuildFile; fileRef = 7E177BE72064444800BB4BF6 /* SnapsViewController.swift */; };
		7E177BEA2064446C00BB4BF6 /* FotoViewController.swift in Sources */ = {isa = PBXBuildFile; fileRef = 7E177BE92064446C00BB4BF6 /* FotoViewController.swift */; };
		7E1827B1205B005700E855B5 /* AppDelegate.swift in Sources */ = {isa = PBXBuildFile; fileRef = 7E1827B0205B005700E855B5 /* AppDelegate.swift */; };
		7E1827B3205B005700E855B5 /* ViewController.swift in Sources */ = {isa = PBXBuildFile; fileRef = 7E1827B2205B005700E855B5 /* ViewController.swift */; };
		7E1827B6205B005700E855B5 /* Main.storyboard in Resources */ = {isa = PBXBuildFile; fileRef = 7E1827B4205B005700E855B5 /* Main.storyboard */; };
		7E1827B8205B005700E855B5 /* Assets.xcassets in Resources */ = {isa = PBXBuildFile; fileRef = 7E1827B7205B005700E855B5 /* Assets.xcassets */; };
		7E1827BB205B005700E855B5 /* LaunchScreen.storyboard in Resources */ = {isa = PBXBuildFile; fileRef = 7E1827B9205B005700E855B5 /* LaunchScreen.storyboard */; };
		7E3DD2A320706B6D001AD5B1 /* DetalhesSnapViewController.swift in Sources */ = {isa = PBXBuildFile; fileRef = 7E3DD2A220706B6D001AD5B1 /* DetalhesSnapViewController.swift */; };
		7E42B9A9206DFC6400D01FF9 /* UsuariosTableViewController.swift in Sources */ = {isa = PBXBuildFile; fileRef = 7E42B9A8206DFC6400D01FF9 /* UsuariosTableViewController.swift */; };
		7E42B9AB206DFEFF00D01FF9 /* Usuario.swift in Sources */ = {isa = PBXBuildFile; fileRef = 7E42B9AA206DFEFF00D01FF9 /* Usuario.swift */; };
		7E73515E206F3512007AC66F /* Snap.swift in Sources */ = {isa = PBXBuildFile; fileRef = 7E73515D206F3512007AC66F /* Snap.swift */; };
		7E7BBBEF205B010900EFF76B /* GoogleService-Info.plist in Resources */ = {isa = PBXBuildFile; fileRef = 7E7BBBEE205B010800EFF76B /* GoogleService-Info.plist */; };
		7EB22DB0205B0C69001D538A /* EntrarViewController.swift in Sources */ = {isa = PBXBuildFile; fileRef = 7EB22DAF205B0C69001D538A /* EntrarViewController.swift */; };
		7EB22DB2205B0C84001D538A /* CadastroViewController.swift in Sources */ = {isa = PBXBuildFile; fileRef = 7EB22DB1205B0C84001D538A /* CadastroViewController.swift */; };
		7EEF79AD2065CA7C0067CE37 /* Alerta.swift in Sources */ = {isa = PBXBuildFile; fileRef = 7EEF79AC2065CA7C0067CE37 /* Alerta.swift */; };
/* End PBXBuildFile section */

/* Begin PBXFileReference section */
		03185F598BA507D4EE99530F /* Pods-Snapchat.release.xcconfig */ = {isa = PBXFileReference; includeInIndex = 1; lastKnownFileType = text.xcconfig; name = "Pods-Snapchat.release.xcconfig"; path = "Pods/Target Support Files/Pods-Snapchat/Pods-Snapchat.release.xcconfig"; sourceTree = "<group>"; };
		7E177BE72064444800BB4BF6 /* SnapsViewController.swift */ = {isa = PBXFileReference; lastKnownFileType = sourcecode.swift; path = SnapsViewController.swift; sourceTree = "<group>"; };
		7E177BE92064446C00BB4BF6 /* FotoViewController.swift */ = {isa = PBXFileReference; lastKnownFileType = sourcecode.swift; path = FotoViewController.swift; sourceTree = "<group>"; };
		7E1827AD205B005700E855B5 /* Snapchat.app */ = {isa = PBXFileReference; explicitFileType = wrapper.application; includeInIndex = 0; path = Snapchat.app; sourceTree = BUILT_PRODUCTS_DIR; };
		7E1827B0205B005700E855B5 /* AppDelegate.swift */ = {isa = PBXFileReference; lastKnownFileType = sourcecode.swift; path = AppDelegate.swift; sourceTree = "<group>"; };
		7E1827B2205B005700E855B5 /* ViewController.swift */ = {isa = PBXFileReference; lastKnownFileType = sourcecode.swift; path = ViewController.swift; sourceTree = "<group>"; };
		7E1827B5205B005700E855B5 /* Base */ = {isa = PBXFileReference; lastKnownFileType = file.storyboard; name = Base; path = Base.lproj/Main.storyboard; sourceTree = "<group>"; };
		7E1827B7205B005700E855B5 /* Assets.xcassets */ = {isa = PBXFileReference; lastKnownFileType = folder.assetcatalog; path = Assets.xcassets; sourceTree = "<group>"; };
		7E1827BA205B005700E855B5 /* Base */ = {isa = PBXFileReference; lastKnownFileType = file.storyboard; name = Base; path = Base.lproj/LaunchScreen.storyboard; sourceTree = "<group>"; };
		7E1827BC205B005700E855B5 /* Info.plist */ = {isa = PBXFileReference; lastKnownFileType = text.plist.xml; path = Info.plist; sourceTree = "<group>"; };
		7E3DD2A220706B6D001AD5B1 /* DetalhesSnapViewController.swift */ = {isa = PBXFileReference; lastKnownFileType = sourcecode.swift; path = DetalhesSnapViewController.swift; sourceTree = "<group>"; };
		7E42B9A8206DFC6400D01FF9 /* UsuariosTableViewController.swift */ = {isa = PBXFileReference; lastKnownFileType = sourcecode.swift; path = UsuariosTableViewController.swift; sourceTree = "<group>"; };
		7E42B9AA206DFEFF00D01FF9 /* Usuario.swift */ = {isa = PBXFileReference; lastKnownFileType = sourcecode.swift; path = Usuario.swift; sourceTree = "<group>"; };
		7E73515D206F3512007AC66F /* Snap.swift */ = {isa = PBXFileReference; lastKnownFileType = sourcecode.swift; path = Snap.swift; sourceTree = "<group>"; };
		7E7BBBEE205B010800EFF76B /* GoogleService-Info.plist */ = {isa = PBXFileReference; fileEncoding = 4; lastKnownFileType = text.plist.xml; path = "GoogleService-Info.plist"; sourceTree = "<group>"; };
		7EB22DAF205B0C69001D538A /* EntrarViewController.swift */ = {isa = PBXFileReference; lastKnownFileType = sourcecode.swift; path = EntrarViewController.swift; sourceTree = "<group>"; };
		7EB22DB1205B0C84001D538A /* CadastroViewController.swift */ = {isa = PBXFileReference; lastKnownFileType = sourcecode.swift; path = CadastroViewController.swift; sourceTree = "<group>"; };
		7EEF79AC2065CA7C0067CE37 /* Alerta.swift */ = {isa = PBXFileReference; lastKnownFileType = sourcecode.swift; path = Alerta.swift; sourceTree = "<group>"; };
		F32DA9AB79BB13B2AA7C22BF /* Pods_Snapchat.framework */ = {isa = PBXFileReference; explicitFileType = wrapper.framework; includeInIndex = 0; path = Pods_Snapchat.framework; sourceTree = BUILT_PRODUCTS_DIR; };
		F9F023EC59A81E3B70D65CF8 /* Pods-Snapchat.debug.xcconfig */ = {isa = PBXFileReference; includeInIndex = 1; lastKnownFileType = text.xcconfig; name = "Pods-Snapchat.debug.xcconfig"; path = "Pods/Target Support Files/Pods-Snapchat/Pods-Snapchat.debug.xcconfig"; sourceTree = "<group>"; };
/* End PBXFileReference section */

/* Begin PBXFrameworksBuildPhase section */
		7E1827AA205B005700E855B5 /* Frameworks */ = {
			isa = PBXFrameworksBuildPhase;
			buildActionMask = 2147483647;
			files = (
				29FB205E77D56D67CE5CC8D9 /* Pods_Snapchat.framework in Frameworks */,
			);
			runOnlyForDeploymentPostprocessing = 0;
		};
/* End PBXFrameworksBuildPhase section */

/* Begin PBXGroup section */
		7699916E87B7042259606D66 /* Frameworks */ = {
			isa = PBXGroup;
			children = (
				F32DA9AB79BB13B2AA7C22BF /* Pods_Snapchat.framework */,
			);
			name = Frameworks;
			sourceTree = "<group>";
		};
		7E1827A4205B005700E855B5 = {
			isa = PBXGroup;
			children = (
				7E1827AF205B005700E855B5 /* Snapchat */,
				7E1827AE205B005700E855B5 /* Products */,
				924077DBCB5C48C56381FD27 /* Pods */,
				7699916E87B7042259606D66 /* Frameworks */,
			);
			sourceTree = "<group>";
		};
		7E1827AE205B005700E855B5 /* Products */ = {
			isa = PBXGroup;
			children = (
				7E1827AD205B005700E855B5 /* Snapchat.app */,
			);
			name = Products;
			sourceTree = "<group>";
		};
		7E1827AF205B005700E855B5 /* Snapchat */ = {
			isa = PBXGroup;
			children = (
				7EEF79AB2065CA280067CE37 /* Models */,
				7EEF79AA2065CA0C0067CE37 /* ViewController */,
				7E1827B0205B005700E855B5 /* AppDelegate.swift */,
				7E1827B4205B005700E855B5 /* Main.storyboard */,
				7E1827B7205B005700E855B5 /* Assets.xcassets */,
				7E1827B9205B005700E855B5 /* LaunchScreen.storyboard */,
				7E1827BC205B005700E855B5 /* Info.plist */,
				7E7BBBEE205B010800EFF76B /* GoogleService-Info.plist */,
			);
			path = Snapchat;
			sourceTree = "<group>";
		};
		7EEF79AA2065CA0C0067CE37 /* ViewController */ = {
			isa = PBXGroup;
			children = (
				7E42B9A8206DFC6400D01FF9 /* UsuariosTableViewController.swift */,
				7E177BE92064446C00BB4BF6 /* FotoViewController.swift */,
				7E1827B2205B005700E855B5 /* ViewController.swift */,
				7EB22DAF205B0C69001D538A /* EntrarViewController.swift */,
				7EB22DB1205B0C84001D538A /* CadastroViewController.swift */,
				7E177BE72064444800BB4BF6 /* SnapsViewController.swift */,
				7E3DD2A220706B6D001AD5B1 /* DetalhesSnapViewController.swift */,
			);
			path = ViewController;
			sourceTree = "<group>";
		};
		7EEF79AB2065CA280067CE37 /* Models */ = {
			isa = PBXGroup;
			children = (
				7EEF79AC2065CA7C0067CE37 /* Alerta.swift */,
				7E42B9AA206DFEFF00D01FF9 /* Usuario.swift */,
				7E73515D206F3512007AC66F /* Snap.swift */,
			);
			path = Models;
			sourceTree = "<group>";
		};
		924077DBCB5C48C56381FD27 /* Pods */ = {
			isa = PBXGroup;
			children = (
				F9F023EC59A81E3B70D65CF8 /* Pods-Snapchat.debug.xcconfig */,
				03185F598BA507D4EE99530F /* Pods-Snapchat.release.xcconfig */,
			);
			name = Pods;
			sourceTree = "<group>";
		};
/* End PBXGroup section */

/* Begin PBXNativeTarget section */
		7E1827AC205B005700E855B5 /* Snapchat */ = {
			isa = PBXNativeTarget;
			buildConfigurationList = 7E1827BF205B005700E855B5 /* Build configuration list for PBXNativeTarget "Snapchat" */;
			buildPhases = (
				96CBDE020D338C0552947778 /* [CP] Check Pods Manifest.lock */,
				7E1827A9205B005700E855B5 /* Sources */,
				7E1827AA205B005700E855B5 /* Frameworks */,
				7E1827AB205B005700E855B5 /* Resources */,
				9609C95010223D735F01AA8C /* [CP] Embed Pods Frameworks */,
				B6600E979815359EBB311DAD /* [CP] Copy Pods Resources */,
			);
			buildRules = (
			);
			dependencies = (
			);
			name = Snapchat;
			productName = Snapchat;
			productReference = 7E1827AD205B005700E855B5 /* Snapchat.app */;
			productType = "com.apple.product-type.application";
		};
/* End PBXNativeTarget section */

/* Begin PBXProject section */
		7E1827A5205B005700E855B5 /* Project object */ = {
			isa = PBXProject;
			attributes = {
				LastSwiftUpdateCheck = 0920;
				LastUpgradeCheck = 0920;
				ORGANIZATIONNAME = Luis;
				TargetAttributes = {
					7E1827AC205B005700E855B5 = {
						CreatedOnToolsVersion = 9.2;
						ProvisioningStyle = Automatic;
					};
				};
			};
			buildConfigurationList = 7E1827A8205B005700E855B5 /* Build configuration list for PBXProject "Snapchat" */;
			compatibilityVersion = "Xcode 8.0";
			developmentRegion = en;
			hasScannedForEncodings = 0;
			knownRegions = (
				en,
				Base,
			);
			mainGroup = 7E1827A4205B005700E855B5;
			productRefGroup = 7E1827AE205B005700E855B5 /* Products */;
			projectDirPath = "";
			projectRoot = "";
			targets = (
				7E1827AC205B005700E855B5 /* Snapchat */,
			);
		};
/* End PBXProject section */

/* Begin PBXResourcesBuildPhase section */
		7E1827AB205B005700E855B5 /* Resources */ = {
			isa = PBXResourcesBuildPhase;
			buildActionMask = 2147483647;
			files = (
				7E1827BB205B005700E855B5 /* LaunchScreen.storyboard in Resources */,
				7E1827B8205B005700E855B5 /* Assets.xcassets in Resources */,
				7E7BBBEF205B010900EFF76B /* GoogleService-Info.plist in Resources */,
				7E1827B6205B005700E855B5 /* Main.storyboard in Resources */,
			);
			runOnlyForDeploymentPostprocessing = 0;
		};
/* End PBXResourcesBuildPhase section */

/* Begin PBXShellScriptBuildPhase section */
		9609C95010223D735F01AA8C /* [CP] Embed Pods Frameworks */ = {
			isa = PBXShellScriptBuildPhase;
			buildActionMask = 2147483647;
			files = (
			);
			inputPaths = (
				"${SRCROOT}/Pods/Target Support Files/Pods-Snapchat/Pods-Snapchat-frameworks.sh",
				"${BUILT_PRODUCTS_DIR}/GTMSessionFetcher/GTMSessionFetcher.framework",
				"${BUILT_PRODUCTS_DIR}/GoogleToolboxForMac/GoogleToolboxForMac.framework",
				"${BUILT_PRODUCTS_DIR}/SDWebImage/SDWebImage.framework",
				"${BUILT_PRODUCTS_DIR}/leveldb-library/leveldb.framework",
				"${BUILT_PRODUCTS_DIR}/nanopb/nanopb.framework",
			);
			name = "[CP] Embed Pods Frameworks";
			outputPaths = (
				"${TARGET_BUILD_DIR}/${FRAMEWORKS_FOLDER_PATH}/GTMSessionFetcher.framework",
				"${TARGET_BUILD_DIR}/${FRAMEWORKS_FOLDER_PATH}/GoogleToolboxForMac.framework",
				"${TARGET_BUILD_DIR}/${FRAMEWORKS_FOLDER_PATH}/SDWebImage.framework",
				"${TARGET_BUILD_DIR}/${FRAMEWORKS_FOLDER_PATH}/leveldb.framework",
				"${TARGET_BUILD_DIR}/${FRAMEWORKS_FOLDER_PATH}/nanopb.framework",
			);
			runOnlyForDeploymentPostprocessing = 0;
			shellPath = /bin/sh;
			shellScript = "\"${SRCROOT}/Pods/Target Support Files/Pods-Snapchat/Pods-Snapchat-frameworks.sh\"\n";
			showEnvVarsInLog = 0;
		};
		96CBDE020D338C0552947778 /* [CP] Check Pods Manifest.lock */ = {
			isa = PBXShellScriptBuildPhase;
			buildActionMask = 2147483647;
			files = (
			);
			inputPaths = (
				"${PODS_PODFILE_DIR_PATH}/Podfile.lock",
				"${PODS_ROOT}/Manifest.lock",
			);
			name = "[CP] Check Pods Manifest.lock";
			outputPaths = (
				"$(DERIVED_FILE_DIR)/Pods-Snapchat-checkManifestLockResult.txt",
			);
			runOnlyForDeploymentPostprocessing = 0;
			shellPath = /bin/sh;
			shellScript = "diff \"${PODS_PODFILE_DIR_PATH}/Podfile.lock\" \"${PODS_ROOT}/Manifest.lock\" > /dev/null\nif [ $? != 0 ] ; then\n    # print error to STDERR\n    echo \"error: The sandbox is not in sync with the Podfile.lock. Run 'pod install' or update your CocoaPods installation.\" >&2\n    exit 1\nfi\n# This output is used by Xcode 'outputs' to avoid re-running this script phase.\necho \"SUCCESS\" > \"${SCRIPT_OUTPUT_FILE_0}\"\n";
			showEnvVarsInLog = 0;
		};
		B6600E979815359EBB311DAD /* [CP] Copy Pods Resources */ = {
			isa = PBXShellScriptBuildPhase;
			buildActionMask = 2147483647;
			files = (
			);
			inputPaths = (
			);
			name = "[CP] Copy Pods Resources";
			outputPaths = (
			);
			runOnlyForDeploymentPostprocessing = 0;
			shellPath = /bin/sh;
			shellScript = "\"${SRCROOT}/Pods/Target Support Files/Pods-Snapchat/Pods-Snapchat-resources.sh\"\n";
			showEnvVarsInLog = 0;
		};
/* End PBXShellScriptBuildPhase section */

/* Begin PBXSourcesBuildPhase section */
		7E1827A9205B005700E855B5 /* Sources */ = {
			isa = PBXSourcesBuildPhase;
			buildActionMask = 2147483647;
			files = (
				7E3DD2A320706B6D001AD5B1 /* DetalhesSnapViewController.swift in Sources */,
				7E177BE82064444800BB4BF6 /* SnapsViewController.swift in Sources */,
				7E73515E206F3512007AC66F /* Snap.swift in Sources */,
				7E1827B3205B005700E855B5 /* ViewController.swift in Sources */,
				7E42B9A9206DFC6400D01FF9 /* UsuariosTableViewController.swift in Sources */,
				7E1827B1205B005700E855B5 /* AppDelegate.swift in Sources */,
				7EB22DB0205B0C69001D538A /* EntrarViewController.swift in Sources */,
				7E42B9AB206DFEFF00D01FF9 /* Usuario.swift in Sources */,
				7E177BEA2064446C00BB4BF6 /* FotoViewController.swift in Sources */,
				7EB22DB2205B0C84001D538A /* CadastroViewController.swift in Sources */,
				7EEF79AD2065CA7C0067CE37 /* Alerta.swift in Sources */,
			);
			runOnlyForDeploymentPostprocessing = 0;
		};
/* End PBXSourcesBuildPhase section */

/* Begin PBXVariantGroup section */
		7E1827B4205B005700E855B5 /* Main.storyboard */ = {
			isa = PBXVariantGroup;
			children = (
				7E1827B5205B005700E855B5 /* Base */,
			);
			name = Main.storyboard;
			sourceTree = "<group>";
		};
		7E1827B9205B005700E855B5 /* LaunchScreen.storyboard */ = {
			isa = PBXVariantGroup;
			children = (
				7E1827BA205B005700E855B5 /* Base */,
			);
			name = LaunchScreen.storyboard;
			sourceTree = "<group>";
		};
/* End PBXVariantGroup section */

/* Begin XCBuildConfiguration section */
		7E1827BD205B005700E855B5 /* Debug */ = {
			isa = XCBuildConfiguration;
			buildSettings = {
				ALWAYS_SEARCH_USER_PATHS = NO;
				CLANG_ANALYZER_NONNULL = YES;
				CLANG_ANALYZER_NUMBER_OBJECT_CONVERSION = YES_AGGRESSIVE;
				CLANG_CXX_LANGUAGE_STANDARD = "gnu++14";
				CLANG_CXX_LIBRARY = "libc++";
				CLANG_ENABLE_MODULES = YES;
				CLANG_ENABLE_OBJC_ARC = YES;
				CLANG_WARN_BLOCK_CAPTURE_AUTORELEASING = YES;
				CLANG_WARN_BOOL_CONVERSION = YES;
				CLANG_WARN_COMMA = YES;
				CLANG_WARN_CONSTANT_CONVERSION = YES;
				CLANG_WARN_DIRECT_OBJC_ISA_USAGE = YES_ERROR;
				CLANG_WARN_DOCUMENTATION_COMMENTS = YES;
				CLANG_WARN_EMPTY_BODY = YES;
				CLANG_WARN_ENUM_CONVERSION = YES;
				CLANG_WARN_INFINITE_RECURSION = YES;
				CLANG_WARN_INT_CONVERSION = YES;
				CLANG_WARN_NON_LITERAL_NULL_CONVERSION = YES;
				CLANG_WARN_OBJC_LITERAL_CONVERSION = YES;
				CLANG_WARN_OBJC_ROOT_CLASS = YES_ERROR;
				CLANG_WARN_RANGE_LOOP_ANALYSIS = YES;
				CLANG_WARN_STRICT_PROTOTYPES = YES;
				CLANG_WARN_SUSPICIOUS_MOVE = YES;
				CLANG_WARN_UNGUARDED_AVAILABILITY = YES_AGGRESSIVE;
				CLANG_WARN_UNREACHABLE_CODE = YES;
				CLANG_WARN__DUPLICATE_METHOD_MATCH = YES;
				CODE_SIGN_IDENTITY = "iPhone Developer";
				COPY_PHASE_STRIP = NO;
				DEBUG_INFORMATION_FORMAT = dwarf;
				ENABLE_STRICT_OBJC_MSGSEND = YES;
				ENABLE_TESTABILITY = YES;
				GCC_C_LANGUAGE_STANDARD = gnu11;
				GCC_DYNAMIC_NO_PIC = NO;
				GCC_NO_COMMON_BLOCKS = YES;
				GCC_OPTIMIZATION_LEVEL = 0;
				GCC_PREPROCESSOR_DEFINITIONS = (
					"DEBUG=1",
					"$(inherited)",
				);
				GCC_WARN_64_TO_32_BIT_CONVERSION = YES;
				GCC_WARN_ABOUT_RETURN_TYPE = YES_ERROR;
				GCC_WARN_UNDECLARED_SELECTOR = YES;
				GCC_WARN_UNINITIALIZED_AUTOS = YES_AGGRESSIVE;
				GCC_WARN_UNUSED_FUNCTION = YES;
				GCC_WARN_UNUSED_VARIABLE = YES;
				IPHONEOS_DEPLOYMENT_TARGET = 11.2;
				MTL_ENABLE_DEBUG_INFO = YES;
				ONLY_ACTIVE_ARCH = YES;
				SDKROOT = iphoneos;
				SWIFT_ACTIVE_COMPILATION_CONDITIONS = DEBUG;
				SWIFT_OPTIMIZATION_LEVEL = "-Onone";
			};
			name = Debug;
		};
		7E1827BE205B005700E855B5 /* Release */ = {
			isa = XCBuildConfiguration;
			buildSettings = {
				ALWAYS_SEARCH_USER_PATHS = NO;
				CLANG_ANALYZER_NONNULL = YES;
				CLANG_ANALYZER_NUMBER_OBJECT_CONVERSION = YES_AGGRESSIVE;
				CLANG_CXX_LANGUAGE_STANDARD = "gnu++14";
				CLANG_CXX_LIBRARY = "libc++";
				CLANG_ENABLE_MODULES = YES;
				CLANG_ENABLE_OBJC_ARC = YES;
				CLANG_WARN_BLOCK_CAPTURE_AUTORELEASING = YES;
				CLANG_WARN_BOOL_CONVERSION = YES;
				CLANG_WARN_COMMA = YES;
				CLANG_WARN_CONSTANT_CONVERSION = YES;
				CLANG_WARN_DIRECT_OBJC_ISA_USAGE = YES_ERROR;
				CLANG_WARN_DOCUMENTATION_COMMENTS = YES;
				CLANG_WARN_EMPTY_BODY = YES;
				CLANG_WARN_ENUM_CONVERSION = YES;
				CLANG_WARN_INFINITE_RECURSION = YES;
				CLANG_WARN_INT_CONVERSION = YES;
				CLANG_WARN_NON_LITERAL_NULL_CONVERSION = YES;
				CLANG_WARN_OBJC_LITERAL_CONVERSION = YES;
				CLANG_WARN_OBJC_ROOT_CLASS = YES_ERROR;
				CLANG_WARN_RANGE_LOOP_ANALYSIS = YES;
				CLANG_WARN_STRICT_PROTOTYPES = YES;
				CLANG_WARN_SUSPICIOUS_MOVE = YES;
				CLANG_WARN_UNGUARDED_AVAILABILITY = YES_AGGRESSIVE;
				CLANG_WARN_UNREACHABLE_CODE = YES;
				CLANG_WARN__DUPLICATE_METHOD_MATCH = YES;
				CODE_SIGN_IDENTITY = "iPhone Developer";
				COPY_PHASE_STRIP = NO;
				DEBUG_INFORMATION_FORMAT = "dwarf-with-dsym";
				ENABLE_NS_ASSERTIONS = NO;
				ENABLE_STRICT_OBJC_MSGSEND = YES;
				GCC_C_LANGUAGE_STANDARD = gnu11;
				GCC_NO_COMMON_BLOCKS = YES;
				GCC_WARN_64_TO_32_BIT_CONVERSION = YES;
				GCC_WARN_ABOUT_RETURN_TYPE = YES_ERROR;
				GCC_WARN_UNDECLARED_SELECTOR = YES;
				GCC_WARN_UNINITIALIZED_AUTOS = YES_AGGRESSIVE;
				GCC_WARN_UNUSED_FUNCTION = YES;
				GCC_WARN_UNUSED_VARIABLE = YES;
				IPHONEOS_DEPLOYMENT_TARGET = 11.2;
				MTL_ENABLE_DEBUG_INFO = NO;
				SDKROOT = iphoneos;
				SWIFT_OPTIMIZATION_LEVEL = "-Owholemodule";
				VALIDATE_PRODUCT = YES;
			};
			name = Release;
		};
		7E1827C0205B005700E855B5 /* Debug */ = {
			isa = XCBuildConfiguration;
			baseConfigurationReference = F9F023EC59A81E3B70D65CF8 /* Pods-Snapchat.debug.xcconfig */;
			buildSettings = {
				ASSETCATALOG_COMPILER_APPICON_NAME = AppIcon;
				CODE_SIGN_STYLE = Automatic;
				DEVELOPMENT_TEAM = JAMURVK4W6;
				INFOPLIST_FILE = Snapchat/Info.plist;
				LD_RUNPATH_SEARCH_PATHS = "$(inherited) @executable_path/Frameworks";
				PRODUCT_BUNDLE_IDENTIFIER = com.luis.Snapchat;
				PRODUCT_NAME = "$(TARGET_NAME)";
				SWIFT_VERSION = 4.0;
				TARGETED_DEVICE_FAMILY = "1,2";
			};
			name = Debug;
		};
		7E1827C1205B005700E855B5 /* Release */ = {
			isa = XCBuildConfiguration;
			baseConfigurationReference = 03185F598BA507D4EE99530F /* Pods-Snapchat.release.xcconfig */;
			buildSettings = {
				ASSETCATALOG_COMPILER_APPICON_NAME = AppIcon;
				CODE_SIGN_STYLE = Automatic;
				DEVELOPMENT_TEAM = JAMURVK4W6;
				INFOPLIST_FILE = Snapchat/Info.plist;
				LD_RUNPATH_SEARCH_PATHS = "$(inherited) @executable_path/Frameworks";
				PRODUCT_BUNDLE_IDENTIFIER = com.luis.Snapchat;
				PRODUCT_NAME = "$(TARGET_NAME)";
				SWIFT_VERSION = 4.0;
				TARGETED_DEVICE_FAMILY = "1,2";
			};
			name = Release;
		};
/* End XCBuildConfiguration section */

/* Begin XCConfigurationList section */
		7E1827A8205B005700E855B5 /* Build configuration list for PBXProject "Snapchat" */ = {
			isa = XCConfigurationList;
			buildConfigurations = (
				7E1827BD205B005700E855B5 /* Debug */,
				7E1827BE205B005700E855B5 /* Release */,
			);
			defaultConfigurationIsVisible = 0;
			defaultConfigurationName = Release;
		};
		7E1827BF205B005700E855B5 /* Build configuration list for PBXNativeTarget "Snapchat" */ = {
			isa = XCConfigurationList;
			buildConfigurations = (
				7E1827C0205B005700E855B5 /* Debug */,
				7E1827C1205B005700E855B5 /* Release */,
			);
			defaultConfigurationIsVisible = 0;
			defaultConfigurationName = Release;
		};
/* End XCConfigurationList section */
	};
	rootObject = 7E1827A5205B005700E855B5 /* Project object */;
}
